{
  "object": {
    "pins": [
      {
        "package": "BigInt",
        "repositoryURL": "git@github.com:attaswift/BigInt.git",
        "state": {
          "branch": null,
          "revision": "0ed110f7555c34ff468e72e1686e59721f2b0da6",
          "version": "5.3.0"
        }
      },
      {
        "package": "CryptoSwift",
        "repositoryURL": "git@github.com:krzyzanowskim/CryptoSwift.git",
        "state": {
          "branch": null,
          "revision": "4b0565384d3c4c588af09e660535b2c7c9bf5b39",
          "version": "1.4.2"
        }
      },
      {
        "package": "DVR",
        "repositoryURL": "git@github.com:venmo/DVR.git",
        "state": {
          "branch": null,
          "revision": "d13f7135d1993053580efe13c9ecc43200852d09",
          "version": "2.1.0"
        }
      }
    ]
  },
  "version": 1
}
